
Microsoft Visual Studio Solution File, Format Version 12.00
# Visual Studio Version 17
VisualStudioVersion = 17.3.32804.467
MinimumVisualStudioVersion = 10.0.40219.1
Project("{FAE04EC0-301F-11D3-BF4B-00C04F79EFBC}") = "OgrenciNotHesaplama", "OgrenciNotHesaplama\OgrenciNotHesaplama.csproj", "{D7A008EE-19EA-4A3C-B13C-E74E2E72C453}"
EndProject
Global
	GlobalSection(SolutionConfigurationPlatforms) = preSolution
		Debug|Any CPU = Debug|Any CPU
		Release|Any CPU = Release|Any CPU
	EndGlobalSection
	GlobalSection(ProjectConfigurationPlatforms) = postSolution
		{D7A008EE-19EA-4A3C-B13C-E74E2E72C453}.Debug|Any CPU.ActiveCfg = Debug|Any CPU
		{D7A008EE-19EA-4A3C-B13C-E74E2E72C453}.Debug|Any CPU.Build.0 = Debug|Any CPU
		{D7A008EE-19EA-4A3C-B13C-E74E2E72C453}.Release|Any CPU.ActiveCfg = Release|Any CPU
		{D7A008EE-19EA-4A3C-B13C-E74E2E72C453}.Release|Any CPU.Build.0 = Release|Any CPU
	EndGlobalSection
	GlobalSection(SolutionProperties) = preSolution
		HideSolutionNode = FALSE
	EndGlobalSection
	GlobalSection(ExtensibilityGlobals) = postSolution
		SolutionGuid = {F83BCDA4-46AA-4B81-B8B2-96D1F619A6DF}
	EndGlobalSection
EndGlobal
